<?xml version="1.0" encoding="utf-8"?>
<Project ToolsVersion="4.0" xmlns="http://schemas.microsoft.com/developer/msbuild/2003">
  <ItemGroup>
    <Filter Include="Fichiers de ressources">
      <UniqueIdentifier>{67DA6AB6-F800-4c08-8B7A-83BB121AAD01}</UniqueIdentifier>
      <Extensions>rc;ico;cur;bmp;dlg;rc2;rct;bin;rgs;gif;jpg;jpeg;jpe;resx;tiff;tif;png;wav;mfcribbon-ms</Extensions>
    </Filter>
    <Filter Include="src">
      <UniqueIdentifier>{c036e728-a56a-418e-bdcf-44037fdfc04a}</UniqueIdentifier>
    </Filter>
    <Filter Include="src\ui">
      <UniqueIdentifier>{4429792e-f7b6-4321-87a3-9badeb388a54}</UniqueIdentifier>
    </Filter>
    <Filter Include="src\rendering">
      <UniqueIdentifier>{7d3f33b6-debe-4449-a0ab-81b01b635f12}</UniqueIdentifier>
    </Filter>
    <Filter Include="src\materials">
      <UniqueIdentifier>{3d891b54-814e-48a9-8c22-85e16d2fd97b}</UniqueIdentifier>
    </Filter>
    <Filter Include="src\cameras">
      <UniqueIdentifier>{425a613e-7c15-4e1f-8070-a910a83977ff}</UniqueIdentifier>
    </Filter>
    <Filter Include="src\shaders">
      <UniqueIdentifier>{82458844-251b-460d-a907-676e5ea01dc9}</UniqueIdentifier>
    </Filter>
    <Filter Include="src\core">
      <UniqueIdentifier>{05d2c011-6ea0-4e26-8789-96e4ffdc79a4}</UniqueIdentifier>
    </Filter>
    <Filter Include="src\mesh">
      <UniqueIdentifier>{284be44c-254b-4417-ad2b-0ad766b6d4ce}</UniqueIdentifier>
    </Filter>
    <Filter Include="src\scene">
      <UniqueIdentifier>{f8d2ee35-4619-45ba-b5f3-b4078f177647}</UniqueIdentifier>
    </Filter>
    <Filter Include="src\ecs">
      <UniqueIdentifier>{7162494e-cb06-4112-a812-ccdaee07c9d6}</UniqueIdentifier>
    </Filter>
    <Filter Include="src\lighting">
      <UniqueIdentifier>{6df06d22-3c9c-415c-b260-ab2aab7a9ae2}</UniqueIdentifier>
    </Filter>
    <Filter Include="src\stb">
      <UniqueIdentifier>{99e8f0de-8e61-45b7-82b0-792e74f516c9}</UniqueIdentifier>
    </Filter>
    <Filter Include="src\assets">
      <UniqueIdentifier>{1445fd0f-5662-4aa5-b984-506d2b83ef54}</UniqueIdentifier>
    </Filter>
    <Filter Include="src\events">
      <UniqueIdentifier>{e1804138-6074-4eac-a09e-b9573b8649e2}</UniqueIdentifier>
    </Filter>
    <Filter Include="src\editor">
      <UniqueIdentifier>{d36366ec-0a41-411b-a7a1-3414d5116271}</UniqueIdentifier>
    </Filter>
    <Filter Include="src\game">
      <UniqueIdentifier>{c755fd2c-a385-41c4-a592-e157d7fc40fa}</UniqueIdentifier>
    </Filter>
  </ItemGroup>
  <ItemGroup>
    <ResourceCompile Include="PXL.rc">
      <Filter>Fichiers de ressources</Filter>
    </ResourceCompile>
  </ItemGroup>
  <ItemGroup>
    <ClCompile Include="./src/main.cpp">
      <Filter>src</Filter>
    </ClCompile>
    <ClCompile Include="./src/ui/circle.cpp">
      <Filter>src\ui</Filter>
    </ClCompile>
    <ClCompile Include="./src/ui/image.cpp">
      <Filter>src\ui</Filter>
    </ClCompile>
    <ClCompile Include="./src/ui/input.cpp">
      <Filter>src\ui</Filter>
    </ClCompile>
    <ClCompile Include="./src/ui/label.cpp">
      <Filter>src\ui</Filter>
    </ClCompile>
    <ClCompile Include="./src/ui/nanovg.c">
      <Filter>src\ui</Filter>
    </ClCompile>
    <ClCompile Include="./src/ui/rect.cpp">
      <Filter>src\ui</Filter>
    </ClCompile>
    <ClCompile Include="./src/ui/text.cpp">
      <Filter>src\ui</Filter>
    </ClCompile>
    <ClCompile Include="./src/ui/widget.cpp">
      <Filter>src\ui</Filter>
    </ClCompile>
    <ClCompile Include="./src/ui/window.cpp">
      <Filter>src\ui</Filter>
    </ClCompile>
    <ClCompile Include="./src/rendering/skyboxRenderer.cpp">
      <Filter>src\rendering</Filter>
    </ClCompile>
    <ClCompile Include="./src/rendering/renderer.cpp">
      <Filter>src\rendering</Filter>
    </ClCompile>
    <ClCompile Include="./src/rendering/guiRenderer.cpp">
      <Filter>src\rendering</Filter>
    </ClCompile>
    <ClCompile Include="./src/rendering/entityRenderer.cpp">
      <Filter>src\rendering</Filter>
    </ClCompile>
    <ClCompile Include="./src/materials/basicMaterial.cpp">
      <Filter>src\materials</Filter>
    </ClCompile>
    <ClCompile Include="./src/materials/material.cpp">
      <Filter>src\materials</Filter>
    </ClCompile>
    <ClCompile Include="./src/materials/skyboxMaterial.cpp">
      <Filter>src\materials</Filter>
    </ClCompile>
    <ClCompile Include="./src/cameras/camera.cpp">
      <Filter>src\cameras</Filter>
    </ClCompile>
    <ClCompile Include="./src/cameras/FPSCamera.cpp">
      <Filter>src\cameras</Filter>
    </ClCompile>
    <ClCompile Include="./src/cameras/TPSCamera.cpp">
      <Filter>src\cameras</Filter>
    </ClCompile>
    <ClCompile Include="./src/shaders/shaderManager.cpp">
      <Filter>src\shaders</Filter>
    </ClCompile>
    <ClCompile Include="./src/shaders/shader.cpp">
      <Filter>src\shaders</Filter>
    </ClCompile>
    <ClCompile Include="./src/core/timer.cpp">
      <Filter>src\core</Filter>
    </ClCompile>
    <ClCompile Include="./src/core/profiler.cpp">
      <Filter>src\core</Filter>
    </ClCompile>
    <ClCompile Include="./src/core/engine.cpp">
      <Filter>src\core</Filter>
    </ClCompile>
    <ClCompile Include="./src/core/display.cpp">
      <Filter>src\core</Filter>
    </ClCompile>
    <ClCompile Include="./src/core/clock.cpp">
      <Filter>src\core</Filter>
    </ClCompile>
    <ClCompile Include="./src/mesh/mesh.cpp">
      <Filter>src\mesh</Filter>
    </ClCompile>
    <ClCompile Include="./src/ui/guiManager.cpp">
      <Filter>src\ui</Filter>
    </ClCompile>
    <ClCompile Include="./src/scene/scene.cpp">
      <Filter>src\scene</Filter>
    </ClCompile>
    <ClCompile Include="./src/scene/sceneManager.cpp">
      <Filter>src\scene</Filter>
    </ClCompile>
    <ClCompile Include="./src/ecs/entity.cpp">
      <Filter>src\ecs</Filter>
    </ClCompile>
    <ClCompile Include="./src/core/inputManager.cpp">
      <Filter>src\core</Filter>
    </ClCompile>
    <ClCompile Include="./src/lighting/light.cpp">
      <Filter>src\lighting</Filter>
    </ClCompile>
    <ClCompile Include="./src/ui/boxLayout.cpp">
      <Filter>src\ui</Filter>
    </ClCompile>
    <ClCompile Include="./src/ui/layout.cpp">
      <Filter>src\ui</Filter>
    </ClCompile>
    <ClCompile Include="./src/ui/fontManager.cpp">
      <Filter>src\ui</Filter>
    </ClCompile>
    <ClCompile Include="./src/ui/button.cpp">
      <Filter>src\ui</Filter>
    </ClCompile>
    <ClCompile Include="./src/assets/assetManager.cpp">
      <Filter>src\assets</Filter>
    </ClCompile>
    <ClCompile Include="./src/assets/loader.cpp">
      <Filter>src\assets</Filter>
    </ClCompile>
    <ClCompile Include="./src/assets/texture.cpp">
      <Filter>src\assets</Filter>
    </ClCompile>
    <ClCompile Include="./src/editor/editor.cpp">
      <Filter>src\editor</Filter>
    </ClCompile>
    <ClCompile Include="./src/editor/outliner.cpp">
      <Filter>src\editor</Filter>
    </ClCompile>
    <ClCompile Include="./src/game/game.cpp">
      <Filter>src\game</Filter>
    </ClCompile>
    <ClCompile Include="./src/events/eventEmitter.cpp">
      <Filter>src\events</Filter>
    </ClCompile>
    <ClCompile Include="./src/events/eventListener.cpp">
      <Filter>src\events</Filter>
    </ClCompile>
  </ItemGroup>
  <ItemGroup>
    <ClInclude Include="./src/main.h">
      <Filter>src</Filter>
    </ClInclude>
    <ClInclude Include="./src/resource.h">
      <Filter>src</Filter>
    </ClInclude>
    <ClInclude Include="./src/ui/circle.h">
      <Filter>src\ui</Filter>
    </ClInclude>
    <ClInclude Include="./src/ui/image.h">
      <Filter>src\ui</Filter>
    </ClInclude>
    <ClInclude Include="./src/ui/input.h">
      <Filter>src\ui</Filter>
    </ClInclude>
    <ClInclude Include="./src/ui/label.h">
      <Filter>src\ui</Filter>
    </ClInclude>
    <ClInclude Include="./src/ui/nanovg.h">
      <Filter>src\ui</Filter>
    </ClInclude>
    <ClInclude Include="./src/ui/nanovg_gl.h">
      <Filter>src\ui</Filter>
    </ClInclude>
    <ClInclude Include="./src/ui/nanovg_gl_utils.h">
      <Filter>src\ui</Filter>
    </ClInclude>
    <ClInclude Include="./src/ui/rect.h">
      <Filter>src\ui</Filter>
    </ClInclude>
    <ClInclude Include="./src/ui/text.h">
      <Filter>src\ui</Filter>
    </ClInclude>
    <ClInclude Include="./src/ui/widget.h">
      <Filter>src\ui</Filter>
    </ClInclude>
    <ClInclude Include="./src/ui/window.h">
      <Filter>src\ui</Filter>
    </ClInclude>
    <ClInclude Include="./src/rendering/skyboxRenderer.h">
      <Filter>src\rendering</Filter>
    </ClInclude>
    <ClInclude Include="./src/rendering/renderer.h">
      <Filter>src\rendering</Filter>
    </ClInclude>
    <ClInclude Include="./src/rendering/guiRenderer.h">
      <Filter>src\rendering</Filter>
    </ClInclude>
    <ClInclude Include="./src/materials/basicMaterial.h">
      <Filter>src\materials</Filter>
    </ClInclude>
    <ClInclude Include="./src/materials/material.h">
      <Filter>src\materials</Filter>
    </ClInclude>
    <ClInclude Include="./src/materials/skyboxMaterial.h">
      <Filter>src\materials</Filter>
    </ClInclude>
    <ClInclude Include="./src/cameras/camera.h">
      <Filter>src\cameras</Filter>
    </ClInclude>
    <ClInclude Include="./src/cameras/FPSCamera.h">
      <Filter>src\cameras</Filter>
    </ClInclude>
    <ClInclude Include="./src/cameras/TPSCamera.h">
      <Filter>src\cameras</Filter>
    </ClInclude>
    <ClInclude Include="./src/shaders/shaderManager.h">
      <Filter>src\shaders</Filter>
    </ClInclude>
    <ClInclude Include="./src/shaders/shader.h">
      <Filter>src\shaders</Filter>
    </ClInclude>
    <ClInclude Include="./src/core/util.h">
      <Filter>src\core</Filter>
    </ClInclude>
    <ClInclude Include="./src/core/transform.h">
      <Filter>src\core</Filter>
    </ClInclude>
    <ClInclude Include="./src/core/timer.h">
      <Filter>src\core</Filter>
    </ClInclude>
    <ClInclude Include="./src/core/profiler.h">
      <Filter>src\core</Filter>
    </ClInclude>
    <ClInclude Include="./src/core/engine.h">
      <Filter>src\core</Filter>
    </ClInclude>
    <ClInclude Include="./src/core/display.h">
      <Filter>src\core</Filter>
    </ClInclude>
    <ClInclude Include="./src/core/clock.h">
      <Filter>src\core</Filter>
    </ClInclude>
    <ClInclude Include="./src/mesh/meshFactory.h">
      <Filter>src\mesh</Filter>
    </ClInclude>
    <ClInclude Include="./src/mesh/mesh.h">
      <Filter>src\mesh</Filter>
    </ClInclude>
    <ClInclude Include="./src/ui/guiManager.h">
      <Filter>src\ui</Filter>
    </ClInclude>
    <ClInclude Include="./src/scene/scene.h">
      <Filter>src\scene</Filter>
    </ClInclude>
    <ClInclude Include="./src/scene/sceneManager.h">
      <Filter>src\scene</Filter>
    </ClInclude>
    <ClInclude Include="./src/ecs/entity.h">
      <Filter>src\ecs</Filter>
    </ClInclude>
    <ClInclude Include="./src/ecs/entityComponent.h">
      <Filter>src\ecs</Filter>
    </ClInclude>
    <ClInclude Include="./src/ecs/entityRenderer.h">
      <Filter>src\ecs</Filter>
    </ClInclude>
    <ClInclude Include="./src/meshRenderer.h">
      <Filter>src\ecs</Filter>
    </ClInclude>
    <ClInclude Include="./src/ui/fontstash.h">
      <Filter>src\ui</Filter>
    </ClInclude>
    <ClInclude Include="./src/core/inputManager.h">
      <Filter>src\core</Filter>
    </ClInclude>
    <ClInclude Include="./src/stb/stb_truetype.h">
      <Filter>src\stb</Filter>
    </ClInclude>
    <ClInclude Include="./src/stb/stb_image.h">
      <Filter>src\stb</Filter>
    </ClInclude>
    <ClInclude Include="./src/lighting/light.h">
      <Filter>src\lighting</Filter>
    </ClInclude>
    <ClInclude Include="./src/ui/layout.h">
      <Filter>src\ui</Filter>
    </ClInclude>
    <ClInclude Include="./src/ui/boxLayout.h">
      <Filter>src\ui</Filter>
    </ClInclude>
    <ClInclude Include="./src/ui/fontManager.h">
      <Filter>src\ui</Filter>
    </ClInclude>
    <ClInclude Include="./src/ui/button.h">
      <Filter>src\ui</Filter>
    </ClInclude>
    <ClInclude Include="./src/assets/texture.h">
      <Filter>src\assets</Filter>
    </ClInclude>
    <ClInclude Include="./src/assets/assetManager.h">
      <Filter>src\assets</Filter>
    </ClInclude>
    <ClInclude Include="./src/assets/loader.h">
      <Filter>src\assets</Filter>
    </ClInclude>
    <ClInclude Include="./src/editor/editor.h">
      <Filter>src\editor</Filter>
    </ClInclude>
    <ClInclude Include="./src/editor/outliner.h">
      <Filter>src\editor</Filter>
    </ClInclude>
    <ClInclude Include="./src/game/game.h">
      <Filter>src\game</Filter>
    </ClInclude>
    <ClInclude Include="./src/events/eventEmitter.h">
      <Filter>src\events</Filter>
    </ClInclude>
    <ClInclude Include="./src/events/eventListener.h">
      <Filter>src\events</Filter>
    </ClInclude>
  </ItemGroup>
</Project>