<?xml version="1.0" encoding="utf-8"?>
<Project ToolsVersion="4.0" xmlns="http://schemas.microsoft.com/developer/msbuild/2003">
  <ItemGroup>
    <Filter Include="Fichiers de ressources">
      <UniqueIdentifier>{67DA6AB6-F800-4c08-8B7A-83BB121AAD01}</UniqueIdentifier>
      <Extensions>rc;ico;cur;bmp;dlg;rc2;rct;bin;rgs;gif;jpg;jpeg;jpe;resx;tiff;tif;png;wav;mfcribbon-ms</Extensions>
    </Filter>
    <Filter Include="src">
      <UniqueIdentifier>{c036e728-a56a-418e-bdcf-44037fdfc04a}</UniqueIdentifier>
    </Filter>
    <Filter Include="src\ui">
      <UniqueIdentifier>{4429792e-f7b6-4321-87a3-9badeb388a54}</UniqueIdentifier>
    </Filter>
    <Filter Include="src\rendering">
      <UniqueIdentifier>{7d3f33b6-debe-4449-a0ab-81b01b635f12}</UniqueIdentifier>
    </Filter>
    <Filter Include="src\materials">
      <UniqueIdentifier>{3d891b54-814e-48a9-8c22-85e16d2fd97b}</UniqueIdentifier>
    </Filter>
    <Filter Include="src\cameras">
      <UniqueIdentifier>{425a613e-7c15-4e1f-8070-a910a83977ff}</UniqueIdentifier>
    </Filter>
    <Filter Include="src\shaders">
      <UniqueIdentifier>{82458844-251b-460d-a907-676e5ea01dc9}</UniqueIdentifier>
    </Filter>
    <Filter Include="src\core">
      <UniqueIdentifier>{05d2c011-6ea0-4e26-8789-96e4ffdc79a4}</UniqueIdentifier>
    </Filter>
    <Filter Include="src\mesh">
      <UniqueIdentifier>{284be44c-254b-4417-ad2b-0ad766b6d4ce}</UniqueIdentifier>
    </Filter>
    <Filter Include="src\scene">
      <UniqueIdentifier>{f8d2ee35-4619-45ba-b5f3-b4078f177647}</UniqueIdentifier>
    </Filter>
    <Filter Include="src\ecs">
      <UniqueIdentifier>{7162494e-cb06-4112-a812-ccdaee07c9d6}</UniqueIdentifier>
    </Filter>
    <Filter Include="src\lighting">
      <UniqueIdentifier>{6df06d22-3c9c-415c-b260-ab2aab7a9ae2}</UniqueIdentifier>
    </Filter>
    <Filter Include="src\stb">
      <UniqueIdentifier>{99e8f0de-8e61-45b7-82b0-792e74f516c9}</UniqueIdentifier>
    </Filter>
    <Filter Include="src\assets">
      <UniqueIdentifier>{1445fd0f-5662-4aa5-b984-506d2b83ef54}</UniqueIdentifier>
    </Filter>
    <Filter Include="src\events">
      <UniqueIdentifier>{e1804138-6074-4eac-a09e-b9573b8649e2}</UniqueIdentifier>
    </Filter>
    <Filter Include="src\editor">
      <UniqueIdentifier>{d36366ec-0a41-411b-a7a1-3414d5116271}</UniqueIdentifier>
    </Filter>
    <Filter Include="src\game">
      <UniqueIdentifier>{c755fd2c-a385-41c4-a592-e157d7fc40fa}</UniqueIdentifier>
    </Filter>
    <Filter Include="src\ui\core">
      <UniqueIdentifier>{3c1f1b12-dc6c-43c7-825d-66821ca3d44b}</UniqueIdentifier>
    </Filter>
    <Filter Include="src\ui\widgets">
      <UniqueIdentifier>{aa87231c-b4e8-451d-afe9-ba4f4bb49971}</UniqueIdentifier>
    </Filter>
    <Filter Include="src\ui\shapes">
      <UniqueIdentifier>{0216597d-0063-48b5-9f59-01fcbcac10bb}</UniqueIdentifier>
    </Filter>
    <Filter Include="src\ui\nanovg">
      <UniqueIdentifier>{749a9261-465e-4131-9eb9-c711cc49675a}</UniqueIdentifier>
    </Filter>
    <Filter Include="src\editor\components">
      <UniqueIdentifier>{9bc792fb-a5c8-4a62-baff-61aa6cd49893}</UniqueIdentifier>
    </Filter>
    <Filter Include="src\audio">
      <UniqueIdentifier>{3570377b-bab9-4ff8-a198-78883beb043e}</UniqueIdentifier>
    </Filter>
  </ItemGroup>
  <ItemGroup>
    <ResourceCompile Include="PXL.rc">
      <Filter>Fichiers de ressources</Filter>
    </ResourceCompile>
  </ItemGroup>
  <ItemGroup>
    <ClCompile Include="./src/main.cpp">
      <Filter>src</Filter>
    </ClCompile>
    <ClCompile Include="./src/rendering/skyboxRenderer.cpp">
      <Filter>src\rendering</Filter>
    </ClCompile>
    <ClCompile Include="./src/rendering/renderer.cpp">
      <Filter>src\rendering</Filter>
    </ClCompile>
    <ClCompile Include="./src/rendering/guiRenderer.cpp">
      <Filter>src\rendering</Filter>
    </ClCompile>
    <ClCompile Include="./src/rendering/entityRenderer.cpp">
      <Filter>src\rendering</Filter>
    </ClCompile>
    <ClCompile Include="./src/materials/basicMaterial.cpp">
      <Filter>src\materials</Filter>
    </ClCompile>
    <ClCompile Include="./src/materials/material.cpp">
      <Filter>src\materials</Filter>
    </ClCompile>
    <ClCompile Include="./src/materials/skyboxMaterial.cpp">
      <Filter>src\materials</Filter>
    </ClCompile>
    <ClCompile Include="./src/cameras/camera.cpp">
      <Filter>src\cameras</Filter>
    </ClCompile>
    <ClCompile Include="./src/cameras/FPSCamera.cpp">
      <Filter>src\cameras</Filter>
    </ClCompile>
    <ClCompile Include="./src/cameras/TPSCamera.cpp">
      <Filter>src\cameras</Filter>
    </ClCompile>
    <ClCompile Include="./src/shaders/shaderManager.cpp">
      <Filter>src\shaders</Filter>
    </ClCompile>
    <ClCompile Include="./src/shaders/shader.cpp">
      <Filter>src\shaders</Filter>
    </ClCompile>
    <ClCompile Include="./src/core/timer.cpp">
      <Filter>src\core</Filter>
    </ClCompile>
    <ClCompile Include="./src/core/profiler.cpp">
      <Filter>src\core</Filter>
    </ClCompile>
    <ClCompile Include="./src/core/engine.cpp">
      <Filter>src\core</Filter>
    </ClCompile>
    <ClCompile Include="./src/core/display.cpp">
      <Filter>src\core</Filter>
    </ClCompile>
    <ClCompile Include="./src/core/clock.cpp">
      <Filter>src\core</Filter>
    </ClCompile>
    <ClCompile Include="./src/mesh/mesh.cpp">
      <Filter>src\mesh</Filter>
    </ClCompile>
    <ClCompile Include="./src/scene/scene.cpp">
      <Filter>src\scene</Filter>
    </ClCompile>
    <ClCompile Include="./src/scene/sceneManager.cpp">
      <Filter>src\scene</Filter>
    </ClCompile>
    <ClCompile Include="./src/ecs/entity.cpp">
      <Filter>src\ecs</Filter>
    </ClCompile>
    <ClCompile Include="./src/core/inputManager.cpp">
      <Filter>src\core</Filter>
    </ClCompile>
    <ClCompile Include="./src/lighting/light.cpp">
      <Filter>src\lighting</Filter>
    </ClCompile>
    <ClCompile Include="./src/assets/assetManager.cpp">
      <Filter>src\assets</Filter>
    </ClCompile>
    <ClCompile Include="./src/assets/loader.cpp">
      <Filter>src\assets</Filter>
    </ClCompile>
    <ClCompile Include="./src/assets/texture.cpp">
      <Filter>src\assets</Filter>
    </ClCompile>
    <ClCompile Include="./src/editor/editor.cpp">
      <Filter>src\editor</Filter>
    </ClCompile>
    <ClCompile Include="./src/game/game.cpp">
      <Filter>src\game</Filter>
    </ClCompile>
    <ClCompile Include="./src/events/eventEmitter.cpp">
      <Filter>src\events</Filter>
    </ClCompile>
    <ClCompile Include="./src/events/eventListener.cpp">
      <Filter>src\events</Filter>
    </ClCompile>
    <ClCompile Include="./src/editor/EditorComponent.cpp">
      <Filter>src\editor</Filter>
    </ClCompile>
    <ClCompile Include="./src/editor/editorLayout.cpp">
      <Filter>src\editor</Filter>
    </ClCompile>
    <ClCompile Include="./src/core/manager.cpp">
      <Filter>src\core</Filter>
    </ClCompile>
    <ClCompile Include="./src/ui/widgets/boxLayout.cpp">
      <Filter>src\ui\widgets</Filter>
    </ClCompile>
    <ClCompile Include="./src/ui/widgets/button.cpp">
      <Filter>src\ui\widgets</Filter>
    </ClCompile>
    <ClCompile Include="./src/ui/widgets/icon.cpp">
      <Filter>src\ui\widgets</Filter>
    </ClCompile>
    <ClCompile Include="./src/ui/widgets/image.cpp">
      <Filter>src\ui\widgets</Filter>
    </ClCompile>
    <ClCompile Include="./src/ui/widgets/input.cpp">
      <Filter>src\ui\widgets</Filter>
    </ClCompile>
    <ClCompile Include="./src/ui/widgets/label.cpp">
      <Filter>src\ui\widgets</Filter>
    </ClCompile>
    <ClCompile Include="./src/ui/widgets/layout.cpp">
      <Filter>src\ui\widgets</Filter>
    </ClCompile>
    <ClCompile Include="./src/ui/widgets/list.cpp">
      <Filter>src\ui\widgets</Filter>
    </ClCompile>
    <ClCompile Include="./src/ui/widgets/text.cpp">
      <Filter>src\ui\widgets</Filter>
    </ClCompile>
    <ClCompile Include="./src/ui/widgets/window.cpp">
      <Filter>src\ui\widgets</Filter>
    </ClCompile>
    <ClCompile Include="./src/ui/shapes/circle.cpp">
      <Filter>src\ui\shapes</Filter>
    </ClCompile>
    <ClCompile Include="./src/ui/shapes/rect.cpp">
      <Filter>src\ui\shapes</Filter>
    </ClCompile>
    <ClCompile Include="./src/ui/nanovg/nanovg.c">
      <Filter>src\ui\nanovg</Filter>
    </ClCompile>
    <ClCompile Include="./src/ui/core/widgetState.cpp">
      <Filter>src\ui\core</Filter>
    </ClCompile>
    <ClCompile Include="./src/ui/core/widgetEvent.cpp">
      <Filter>src\ui\core</Filter>
    </ClCompile>
    <ClCompile Include="./src/ui/core/widget.cpp">
      <Filter>src\ui\core</Filter>
    </ClCompile>
    <ClCompile Include="./src/ui/core/layerManager.cpp">
      <Filter>src\ui\core</Filter>
    </ClCompile>
    <ClCompile Include="./src/ui/core/guiManager.cpp">
      <Filter>src\ui\core</Filter>
    </ClCompile>
    <ClCompile Include="./src/ui/core/fontManager.cpp">
      <Filter>src\ui\core</Filter>
    </ClCompile>
    <ClCompile Include="./src/core/quadTree.cpp">
      <Filter>src\core</Filter>
    </ClCompile>
    <ClCompile Include="./src/ui/core/theme.cpp">
      <Filter>src\ui\core</Filter>
    </ClCompile>
    <ClCompile Include="./src/ui/widgets/table.cpp">
      <Filter>src\ui\widgets</Filter>
    </ClCompile>
    <ClCompile Include="./src/ui/widgets/menu.cpp">
      <Filter>src\ui\widgets</Filter>
    </ClCompile>
    <ClCompile Include="./src/ui/widgets/checkbox.cpp">
      <Filter>src\ui\widgets</Filter>
    </ClCompile>
    <ClCompile Include="./src/editor/projectManager.cpp">
      <Filter>src\editor</Filter>
    </ClCompile>
    <ClCompile Include="./src/editor/components/outliner.cpp">
      <Filter>src\editor\components</Filter>
    </ClCompile>
    <ClCompile Include="./src/editor/components/viewport.cpp">
      <Filter>src\editor\components</Filter>
    </ClCompile>
    <ClCompile Include="./src/ui/widgets/tooltip.cpp">
      <Filter>src\ui\widgets</Filter>
    </ClCompile>
    <ClCompile Include="./src/editor/components/mainMenu.cpp">
      <Filter>src\editor\components</Filter>
    </ClCompile>
    <ClCompile Include="./src/core/fileSystem.cpp">
      <Filter>src\core</Filter>
    </ClCompile>
    <ClCompile Include="./src/core/shortcutManager.cpp">
      <Filter>src\core</Filter>
    </ClCompile>
    <ClCompile Include="./src/editor/components/assetBrowser.cpp">
      <Filter>src\editor\components</Filter>
    </ClCompile>
    <ClCompile Include="./src/ui/widgets/treeView.cpp">
      <Filter>src\ui\widgets</Filter>
    </ClCompile>
    <ClCompile Include="./src/ui/widgets/scrollbar.cpp">
      <Filter>src\ui\widgets</Filter>
    </ClCompile>
    <ClCompile Include="./src/editor/components/inspector.cpp">
      <Filter>src\editor\components</Filter>
    </ClCompile>
    <ClCompile Include="./src/ui/widgets/splitter.cpp">
      <Filter>src\ui\widgets</Filter>
    </ClCompile>
    <ClCompile Include="./src/audio/soundManager.cpp">
      <Filter>src\audio</Filter>
    </ClCompile>
    <ClCompile Include="./src/audio/sound.cpp">
      <Filter>src\audio</Filter>
    </ClCompile>
  </ItemGroup>
  <ItemGroup>
    <ClInclude Include="./src/main.h">
      <Filter>src</Filter>
    </ClInclude>
    <ClInclude Include="./src/resource.h">
      <Filter>src</Filter>
    </ClInclude>
    <ClInclude Include="./src/rendering/skyboxRenderer.h">
      <Filter>src\rendering</Filter>
    </ClInclude>
    <ClInclude Include="./src/rendering/renderer.h">
      <Filter>src\rendering</Filter>
    </ClInclude>
    <ClInclude Include="./src/rendering/guiRenderer.h">
      <Filter>src\rendering</Filter>
    </ClInclude>
    <ClInclude Include="./src/materials/basicMaterial.h">
      <Filter>src\materials</Filter>
    </ClInclude>
    <ClInclude Include="./src/materials/material.h">
      <Filter>src\materials</Filter>
    </ClInclude>
    <ClInclude Include="./src/materials/skyboxMaterial.h">
      <Filter>src\materials</Filter>
    </ClInclude>
    <ClInclude Include="./src/cameras/camera.h">
      <Filter>src\cameras</Filter>
    </ClInclude>
    <ClInclude Include="./src/cameras/FPSCamera.h">
      <Filter>src\cameras</Filter>
    </ClInclude>
    <ClInclude Include="./src/cameras/TPSCamera.h">
      <Filter>src\cameras</Filter>
    </ClInclude>
    <ClInclude Include="./src/shaders/shaderManager.h">
      <Filter>src\shaders</Filter>
    </ClInclude>
    <ClInclude Include="./src/shaders/shader.h">
      <Filter>src\shaders</Filter>
    </ClInclude>
    <ClInclude Include="./src/core/util.h">
      <Filter>src\core</Filter>
    </ClInclude>
    <ClInclude Include="./src/core/transform.h">
      <Filter>src\core</Filter>
    </ClInclude>
    <ClInclude Include="./src/core/timer.h">
      <Filter>src\core</Filter>
    </ClInclude>
    <ClInclude Include="./src/core/profiler.h">
      <Filter>src\core</Filter>
    </ClInclude>
    <ClInclude Include="./src/core/engine.h">
      <Filter>src\core</Filter>
    </ClInclude>
    <ClInclude Include="./src/core/display.h">
      <Filter>src\core</Filter>
    </ClInclude>
    <ClInclude Include="./src/core/clock.h">
      <Filter>src\core</Filter>
    </ClInclude>
    <ClInclude Include="./src/mesh/meshFactory.h">
      <Filter>src\mesh</Filter>
    </ClInclude>
    <ClInclude Include="./src/mesh/mesh.h">
      <Filter>src\mesh</Filter>
    </ClInclude>
    <ClInclude Include="./src/scene/scene.h">
      <Filter>src\scene</Filter>
    </ClInclude>
    <ClInclude Include="./src/scene/sceneManager.h">
      <Filter>src\scene</Filter>
    </ClInclude>
    <ClInclude Include="./src/ecs/entity.h">
      <Filter>src\ecs</Filter>
    </ClInclude>
    <ClInclude Include="./src/ecs/entityComponent.h">
      <Filter>src\ecs</Filter>
    </ClInclude>
    <ClInclude Include="./src/ecs/entityRenderer.h">
      <Filter>src\ecs</Filter>
    </ClInclude>
    <ClInclude Include="./src/meshRenderer.h">
      <Filter>src\ecs</Filter>
    </ClInclude>
    <ClInclude Include="./src/core/inputManager.h">
      <Filter>src\core</Filter>
    </ClInclude>
    <ClInclude Include="./src/stb/stb_truetype.h">
      <Filter>src\stb</Filter>
    </ClInclude>
    <ClInclude Include="./src/stb/stb_image.h">
      <Filter>src\stb</Filter>
    </ClInclude>
    <ClInclude Include="./src/lighting/light.h">
      <Filter>src\lighting</Filter>
    </ClInclude>
    <ClInclude Include="./src/assets/texture.h">
      <Filter>src\assets</Filter>
    </ClInclude>
    <ClInclude Include="./src/assets/assetManager.h">
      <Filter>src\assets</Filter>
    </ClInclude>
    <ClInclude Include="./src/assets/loader.h">
      <Filter>src\assets</Filter>
    </ClInclude>
    <ClInclude Include="./src/editor/editor.h">
      <Filter>src\editor</Filter>
    </ClInclude>
    <ClInclude Include="./src/game/game.h">
      <Filter>src\game</Filter>
    </ClInclude>
    <ClInclude Include="./src/events/eventEmitter.h">
      <Filter>src\events</Filter>
    </ClInclude>
    <ClInclude Include="./src/events/eventListener.h">
      <Filter>src\events</Filter>
    </ClInclude>
    <ClInclude Include="./src/editor/editorLayout.h">
      <Filter>src\editor</Filter>
    </ClInclude>
    <ClInclude Include="./src/editor/EditorComponent.h">
      <Filter>src\editor</Filter>
    </ClInclude>
    <ClInclude Include="./src/core/manager.h">
      <Filter>src\core</Filter>
    </ClInclude>
    <ClInclude Include="./src/ui/widgets/boxLayout.h">
      <Filter>src\ui\widgets</Filter>
    </ClInclude>
    <ClInclude Include="./src/ui/widgets/button.h">
      <Filter>src\ui\widgets</Filter>
    </ClInclude>
    <ClInclude Include="./src/ui/widgets/icon.h">
      <Filter>src\ui\widgets</Filter>
    </ClInclude>
    <ClInclude Include="./src/ui/widgets//image.h">
      <Filter>src\ui\widgets</Filter>
    </ClInclude>
    <ClInclude Include="./src/ui/widgets/input.h">
      <Filter>src\ui\widgets</Filter>
    </ClInclude>
    <ClInclude Include="./src/ui/widgets/label.h">
      <Filter>src\ui\widgets</Filter>
    </ClInclude>
    <ClInclude Include="./src/ui/widgets/layout.h">
      <Filter>src\ui\widgets</Filter>
    </ClInclude>
    <ClInclude Include="./src/ui/widgets/list.h">
      <Filter>src\ui\widgets</Filter>
    </ClInclude>
    <ClInclude Include="./src/ui/widgets/text.h">
      <Filter>src\ui\widgets</Filter>
    </ClInclude>
    <ClInclude Include="./src/ui/widgets/window.h">
      <Filter>src\ui\widgets</Filter>
    </ClInclude>
    <ClInclude Include="./src/ui/shapes/circle.h">
      <Filter>src\ui\shapes</Filter>
    </ClInclude>
    <ClInclude Include="./src/ui/shapes/rect.h">
      <Filter>src\ui\shapes</Filter>
    </ClInclude>
    <ClInclude Include="./src/ui/nanovg/nanovg.h">
      <Filter>src\ui\nanovg</Filter>
    </ClInclude>
    <ClInclude Include="./src/ui/nanovg/nanovg_gl.h">
      <Filter>src\ui\nanovg</Filter>
    </ClInclude>
    <ClInclude Include="./src/ui/nanovg/nanovg_gl_utils.h">
      <Filter>src\ui\nanovg</Filter>
    </ClInclude>
    <ClInclude Include="./src/ui/core/widgetState.h">
      <Filter>src\ui\core</Filter>
    </ClInclude>
    <ClInclude Include="./src/ui/core/widgetEvent.h">
      <Filter>src\ui\core</Filter>
    </ClInclude>
    <ClInclude Include="./src/ui/core/widget.h">
      <Filter>src\ui\core</Filter>
    </ClInclude>
    <ClInclude Include="./src/ui/core/layerManager.h">
      <Filter>src\ui\core</Filter>
    </ClInclude>
    <ClInclude Include="./src/ui/core/guiManager.h">
      <Filter>src\ui\core</Filter>
    </ClInclude>
    <ClInclude Include="./src/ui/core/fontManager.h">
      <Filter>src\ui\core</Filter>
    </ClInclude>
    <ClInclude Include="./src/ui/fontstash.h">
      <Filter>src\ui\nanovg</Filter>
    </ClInclude>
    <ClInclude Include="resource.h" />
    <ClInclude Include="./src/core/quadTree.h">
      <Filter>src\core</Filter>
    </ClInclude>
    <ClInclude Include="./src/ui/core/theme.h">
      <Filter>src\ui\core</Filter>
    </ClInclude>
    <ClInclude Include="./src/ui/widgets/table.h">
      <Filter>src\ui\widgets</Filter>
    </ClInclude>
    <ClInclude Include="./src/ui/widgets/menu.h">
      <Filter>src\ui\widgets</Filter>
    </ClInclude>
    <ClInclude Include="./src/ui/widgets/checkbox.h">
      <Filter>src\ui\widgets</Filter>
    </ClInclude>
    <ClInclude Include="./src/editor/projectManager.h">
      <Filter>src\editor</Filter>
    </ClInclude>
    <ClInclude Include="./src/editor/components/viewport.h">
      <Filter>src\editor\components</Filter>
    </ClInclude>
    <ClInclude Include="./src/editor/components/outliner.h">
      <Filter>src\editor\components</Filter>
    </ClInclude>
    <ClInclude Include="./src/ui/widgets/tooltip.h">
      <Filter>src\ui\widgets</Filter>
    </ClInclude>
    <ClInclude Include="./src/editor/components/mainMenu.h">
      <Filter>src\editor\components</Filter>
    </ClInclude>
    <ClInclude Include="./src/core/fileSystem.h">
      <Filter>src\core</Filter>
    </ClInclude>
    <ClInclude Include="./src/core/shortcutManager.h">
      <Filter>src\core</Filter>
    </ClInclude>
    <ClInclude Include="./src/editor/components/assetBrowser.h">
      <Filter>src\editor\components</Filter>
    </ClInclude>
    <ClInclude Include="./src/ui/widgets/treeView.h">
      <Filter>src\ui\widgets</Filter>
    </ClInclude>
    <ClInclude Include="./src/ui/widgets/scrollbar.h">
      <Filter>src\ui\widgets</Filter>
    </ClInclude>
    <ClInclude Include="./src/editor/components/inspector.h">
      <Filter>src\editor\components</Filter>
    </ClInclude>
    <ClInclude Include="./src/ui/widgets/splitter.h">
      <Filter>src\ui\widgets</Filter>
    </ClInclude>
    <ClInclude Include="./src/audio/soundManager.h">
      <Filter>src\audio</Filter>
    </ClInclude>
    <ClInclude Include="./src/audio/sound.h">
      <Filter>src\audio</Filter>
    </ClInclude>
  </ItemGroup>
  <ItemGroup>
    <Image Include="res\textures\icon_big.ico">
      <Filter>Fichiers de ressources</Filter>
    </Image>
  </ItemGroup>
</Project>